// !$*UTF8*$!
{
	archiveVersion = 1;
	classes = {
	};
	objectVersion = 77;
	objects = {

/* Begin PBXBuildFile section */
		73530D052F72B28B008D6CC5 /* TonSwift in Frameworks */ = {isa = PBXBuildFile; productRef = 73530D042F72B28B008D6CC5 /* TonSwift */; };
/* End PBXBuildFile section */

/* Begin PBXContainerItemProxy section */
		738F12EF2F71C2220037B342 /* PBXContainerItemProxy */ = {
			isa = PBXContainerItemProxy;
			containerPortal = 738F12D92F71C2210037B342 /* Project object */;
			proxyType = 1;
			remoteGlobalIDString = 738F12E02F71C2210037B342;
			remoteInfo = Tonly;
		};
		738F12F92F71C2220037B342 /* PBXContainerItemProxy */ = {
			isa = PBXContainerItemProxy;
			containerPortal = 738F12D92F71C2210037B342 /* Project object */;
			proxyType = 1;
			remoteGlobalIDString = 738F12E02F71C2210037B342;
			remoteInfo = Tonly;
		};
/* End PBXContainerItemProxy section */

/* Begin PBXCopyFilesBuildPhase section */
		738F13392F71C4840037B342 /* Embed Foundation Extensions */ = {
			isa = PBXCopyFilesBuildPhase;
			buildActionMask = 2147483647;
			dstPath = "";
			dstSubfolderSpec = 13;
			files = (
			);
			name = "Embed Foundation Extensions";
			runOnlyForDeploymentPostprocessing = 0;
		};
/* End PBXCopyFilesBuildPhase section */

/* Begin PBXFileReference section */
		738F12E12F71C2210037B342 /* Tonly.app */ = {isa = PBXFileReference; explicitFileType = wrapper.application; includeInIndex = 0; path = Tonly.app; sourceTree = BUILT_PRODUCTS_DIR; };
		738F12EE2F71C2220037B342 /* TonlyTests.xctest */ = {isa = PBXFileReference; explicitFileType = wrapper.cfbundle; includeInIndex = 0; path = TonlyTests.xctest; sourceTree = BUILT_PRODUCTS_DIR; };
		738F12F82F71C2220037B342 /* TonlyUITests.xctest */ = {isa = PBXFileReference; explicitFileType = wrapper.cfbundle; includeInIndex = 0; path = TonlyUITests.xctest; sourceTree = BUILT_PRODUCTS_DIR; };
		738F13202F71C4840037B342 /* WidgetKit.framework */ = {isa = PBXFileReference; lastKnownFileType = wrapper.framework; name = WidgetKit.framework; path = System/Library/Frameworks/WidgetKit.framework; sourceTree = SDKROOT; };
		738F13222F71C4840037B342 /* SwiftUI.framework */ = {isa = PBXFileReference; lastKnownFileType = wrapper.framework; name = SwiftUI.framework; path = System/Library/Frameworks/SwiftUI.framework; sourceTree = SDKROOT; };
/* End PBXFileReference section */

/* Begin PBXFileSystemSynchronizedBuildFileExceptionSet section */
		738F13192F71C39B0037B342 /* Exceptions for "Tonly" folder in "Tonly" target */ = {
			isa = PBXFileSystemSynchronizedBuildFileExceptionSet;
			membershipExceptions = (
				Info.plist,
			);
			target = 738F12E02F71C2210037B342 /* Tonly */;
		};
/* End PBXFileSystemSynchronizedBuildFileExceptionSet section */

/* Begin PBXFileSystemSynchronizedRootGroup section */
		73530CDF2F71F25D008D6CC5 /* TonlyWidget */ = {
			isa = PBXFileSystemSynchronizedRootGroup;
			path = TonlyWidget;
			sourceTree = "<group>";
		};
		738F12E32F71C2210037B342 /* Tonly */ = {
			isa = PBXFileSystemSynchronizedRootGroup;
			exceptions = (
				738F13192F71C39B0037B342 /* Exceptions for "Tonly" folder in "Tonly" target */,
			);
			path = Tonly;
			sourceTree = "<group>";
		};
		738F12F12F71C2220037B342 /* TonlyTests */ = {
			isa = PBXFileSystemSynchronizedRootGroup;
			path = TonlyTests;
			sourceTree = "<group>";
		};
		738F12FB2F71C2220037B342 /* TonlyUITests */ = {
			isa = PBXFileSystemSynchronizedRootGroup;
			path = TonlyUITests;
			sourceTree = "<group>";
		};
/* End PBXFileSystemSynchronizedRootGroup section */

/* Begin PBXFrameworksBuildPhase section */
		738F12DE2F71C2210037B342 /* Frameworks */ = {
			isa = PBXFrameworksBuildPhase;
			buildActionMask = 2147483647;
			files = (
				73530D052F72B28B008D6CC5 /* TonSwift in Frameworks */,
			);
			runOnlyForDeploymentPostprocessing = 0;
		};
		738F12EB2F71C2220037B342 /* Frameworks */ = {
			isa = PBXFrameworksBuildPhase;
			buildActionMask = 2147483647;
			files = (
			);
			runOnlyForDeploymentPostprocessing = 0;
		};
		738F12F52F71C2220037B342 /* Frameworks */ = {
			isa = PBXFrameworksBuildPhase;
			buildActionMask = 2147483647;
			files = (
			);
			runOnlyForDeploymentPostprocessing = 0;
		};
/* End PBXFrameworksBuildPhase section */

/* Begin PBXGroup section */
		738F12D82F71C2210037B342 = {
			isa = PBXGroup;
			children = (
				738F12E32F71C2210037B342 /* Tonly */,
				738F12F12F71C2220037B342 /* TonlyTests */,
				738F12FB2F71C2220037B342 /* TonlyUITests */,
				73530CDF2F71F25D008D6CC5 /* TonlyWidget */,
				738F131F2F71C4840037B342 /* Frameworks */,
				738F12E22F71C2210037B342 /* Products */,
			);
			sourceTree = "<group>";
		};
		738F12E22F71C2210037B342 /* Products */ = {
			isa = PBXGroup;
			children = (
				738F12E12F71C2210037B342 /* Tonly.app */,
				738F12EE2F71C2220037B342 /* TonlyTests.xctest */,
				738F12F82F71C2220037B342 /* TonlyUITests.xctest */,
			);
			name = Products;
			sourceTree = "<group>";
		};
		738F131F2F71C4840037B342 /* Frameworks */ = {
			isa = PBXGroup;
			children = (
				738F13202F71C4840037B342 /* WidgetKit.framework */,
				738F13222F71C4840037B342 /* SwiftUI.framework */,
			);
			name = Frameworks;
			sourceTree = "<group>";
		};
/* End PBXGroup section */

/* Begin PBXNativeTarget section */
		738F12E02F71C2210037B342 /* Tonly */ = {
			isa = PBXNativeTarget;
			buildConfigurationList = 738F13022F71C2220037B342 /* Build configuration list for PBXNativeTarget "Tonly" */;
			buildPhases = (
				738F12DD2F71C2210037B342 /* Sources */,
				738F12DE2F71C2210037B342 /* Frameworks */,
				738F12DF2F71C2210037B342 /* Resources */,
				738F13392F71C4840037B342 /* Embed Foundation Extensions */,
			);
			buildRules = (
			);
			dependencies = (
			);
			fileSystemSynchronizedGroups = (
				738F12E32F71C2210037B342 /* Tonly */,
			);
			name = Tonly;
			packageProductDependencies = (
				73530D042F72B28B008D6CC5 /* TonSwift */,
			);
			productName = Tonly;
			productReference = 738F12E12F71C2210037B342 /* Tonly.app */;
			productType = "com.apple.product-type.application";
		};
		738F12ED2F71C2220037B342 /* TonlyTests */ = {
			isa = PBXNativeTarget;
			buildConfigurationList = 738F13052F71C2220037B342 /* Build configuration list for PBXNativeTarget "TonlyTests" */;
			buildPhases = (
				738F12EA2F71C2220037B342 /* Sources */,
				738F12EB2F71C2220037B342 /* Frameworks */,
				738F12EC2F71C2220037B342 /* Resources */,
			);
			buildRules = (
			);
			dependencies = (
				738F12F02F71C2220037B342 /* PBXTargetDependency */,
			);
			fileSystemSynchronizedGroups = (
				738F12F12F71C2220037B342 /* TonlyTests */,
			);
			name = TonlyTests;
			packageProductDependencies = (
			);
			productName = TonlyTests;
			productReference = 738F12EE2F71C2220037B342 /* TonlyTests.xctest */;
			productType = "com.apple.product-type.bundle.unit-test";
		};
		738F12F72F71C2220037B342 /* TonlyUITests */ = {
			isa = PBXNativeTarget;
			buildConfigurationList = 738F13082F71C2220037B342 /* Build configuration list for PBXNativeTarget "TonlyUITests" */;
			buildPhases = (
				738F12F42F71C2220037B342 /* Sources */,
				738F12F52F71C2220037B342 /* Frameworks */,
				738F12F62F71C2220037B342 /* Resources */,
			);
			buildRules = (
			);
			dependencies = (
				738F12FA2F71C2220037B342 /* PBXTargetDependency */,
			);
			fileSystemSynchronizedGroups = (
				738F12FB2F71C2220037B342 /* TonlyUITests */,
			);
			name = TonlyUITests;
			packageProductDependencies = (
			);
			productName = TonlyUITests;
			productReference = 738F12F82F71C2220037B342 /* TonlyUITests.xctest */;
			productType = "com.apple.product-type.bundle.ui-testing";
		};
/* End PBXNativeTarget section */

/* Begin PBXProject section */
		738F12D92F71C2210037B342 /* Project object */ = {
			isa = PBXProject;
			attributes = {
				BuildIndependentTargetsInParallel = 1;
				LastSwiftUpdateCheck = 2620;
				LastUpgradeCheck = 2620;
				TargetAttributes = {
					738F12E02F71C2210037B342 = {
						CreatedOnToolsVersion = 26.2;
					};
					738F12ED2F71C2220037B342 = {
						CreatedOnToolsVersion = 26.2;
						TestTargetID = 738F12E02F71C2210037B342;
					};
					738F12F72F71C2220037B342 = {
						CreatedOnToolsVersion = 26.2;
						TestTargetID = 738F12E02F71C2210037B342;
					};
				};
			};
			buildConfigurationList = 738F12DC2F71C2210037B342 /* Build configuration list for PBXProject "Tonly" */;
			developmentRegion = en;
			hasScannedForEncodings = 0;
			knownRegions = (
				en,
				Base,
				ru,
			);
			mainGroup = 738F12D82F71C2210037B342;
			minimizedProjectReferenceProxies = 1;
			packageReferences = (
				73530CD72F71F237008D6CC5 /* XCRemoteSwiftPackageReference "ton-swift" */,
			);
			preferredProjectObjectVersion = 77;
			productRefGroup = 738F12E22F71C2210037B342 /* Products */;
			projectDirPath = "";
			projectRoot = "";
			targets = (
				738F12E02F71C2210037B342 /* Tonly */,
				738F12ED2F71C2220037B342 /* TonlyTests */,
				738F12F72F71C2220037B342 /* TonlyUITests */,
			);
		};
/* End PBXProject section */

/* Begin PBXResourcesBuildPhase section */
		738F12DF2F71C2210037B342 /* Resources */ = {
			isa = PBXResourcesBuildPhase;
			buildActionMask = 2147483647;
			files = (
			);
			runOnlyForDeploymentPostprocessing = 0;
		};
		738F12EC2F71C2220037B342 /* Resources */ = {
			isa = PBXResourcesBuildPhase;
			buildActionMask = 2147483647;
			files = (
			);
			runOnlyForDeploymentPostprocessing = 0;
		};
		738F12F62F71C2220037B342 /* Resources */ = {
			isa = PBXResourcesBuildPhase;
			buildActionMask = 2147483647;
			files = (
			);
			runOnlyForDeploymentPostprocessing = 0;
		};
/* End PBXResourcesBuildPhase section */

/* Begin PBXSourcesBuildPhase section */
		738F12DD2F71C2210037B342 /* Sources */ = {
			isa = PBXSourcesBuildPhase;
			buildActionMask = 2147483647;
			files = (
			);
			runOnlyForDeploymentPostprocessing = 0;
		};
		738F12EA2F71C2220037B342 /* Sources */ = {
			isa = PBXSourcesBuildPhase;
			buildActionMask = 2147483647;
			files = (
			);
			runOnlyForDeploymentPostprocessing = 0;
		};
		738F12F42F71C2220037B342 /* Sources */ = {
			isa = PBXSourcesBuildPhase;
			buildActionMask = 2147483647;
			files = (
			);
			runOnlyForDeploymentPostprocessing = 0;
		};
/* End PBXSourcesBuildPhase section */

/* Begin PBXTargetDependency section */
		738F12F02F71C2220037B342 /* PBXTargetDependency */ = {
			isa = PBXTargetDependency;
			target = 738F12E02F71C2210037B342 /* Tonly */;
			targetProxy = 738F12EF2F71C2220037B342 /* PBXContainerItemProxy */;
		};
		738F12FA2F71C2220037B342 /* PBXTargetDependency */ = {
			isa = PBXTargetDependency;
			target = 738F12E02F71C2210037B342 /* Tonly */;
			targetProxy = 738F12F92F71C2220037B342 /* PBXContainerItemProxy */;
		};
/* End PBXTargetDependency section */

/* Begin XCBuildConfiguration section */
		738F13002F71C2220037B342 /* Debug */ = {
			isa = XCBuildConfiguration;
			buildSettings = {
				ALWAYS_SEARCH_USER_PATHS = NO;
				ASSETCATALOG_COMPILER_GENERATE_SWIFT_ASSET_SYMBOL_EXTENSIONS = YES;
				CLANG_ANALYZER_NONNULL = YES;
				CLANG_ANALYZER_NUMBER_OBJECT_CONVERSION = YES_AGGRESSIVE;
				CLANG_CXX_LANGUAGE_STANDARD = "gnu++20";
				CLANG_ENABLE_MODULES = YES;
				CLANG_ENABLE_OBJC_ARC = YES;
				CLANG_ENABLE_OBJC_WEAK = YES;
				CLANG_WARN_BLOCK_CAPTURE_AUTORELEASING = YES;
				CLANG_WARN_BOOL_CONVERSION = YES;
				CLANG_WARN_COMMA = YES;
				CLANG_WARN_CONSTANT_CONVERSION = YES;
				CLANG_WARN_DEPRECATED_OBJC_IMPLEMENTATIONS = YES;
				CLANG_WARN_DIRECT_OBJC_ISA_USAGE = YES_ERROR;
				CLANG_WARN_DOCUMENTATION_COMMENTS = YES;
				CLANG_WARN_EMPTY_BODY = YES;
				CLANG_WARN_ENUM_CONVERSION = YES;
				CLANG_WARN_INFINITE_RECURSION = YES;
				CLANG_WARN_INT_CONVERSION = YES;
				CLANG_WARN_NON_LITERAL_NULL_CONVERSION = YES;
				CLANG_WARN_OBJC_IMPLICIT_RETAIN_SELF = YES;
				CLANG_WARN_OBJC_LITERAL_CONVERSION = YES;
				CLANG_WARN_OBJC_ROOT_CLASS = YES_ERROR;
				CLANG_WARN_QUOTED_INCLUDE_IN_FRAMEWORK_HEADER = YES;
				CLANG_WARN_RANGE_LOOP_ANALYSIS = YES;
				CLANG_WARN_STRICT_PROTOTYPES = YES;
				CLANG_WARN_SUSPICIOUS_MOVE = YES;
				CLANG_WARN_UNGUARDED_AVAILABILITY = YES_AGGRESSIVE;
				CLANG_WARN_UNREACHABLE_CODE = YES;
				CLANG_WARN__DUPLICATE_METHOD_MATCH = YES;
				COPY_PHASE_STRIP = NO;
				DEBUG_INFORMATION_FORMAT = dwarf;
				DEVELOPMENT_TEAM = SDL7K9875S;
				ENABLE_STRICT_OBJC_MSGSEND = YES;
				ENABLE_TESTABILITY = YES;
				ENABLE_USER_SCRIPT_SANDBOXING = YES;
				GCC_C_LANGUAGE_STANDARD = gnu17;
				GCC_DYNAMIC_NO_PIC = NO;
				GCC_NO_COMMON_BLOCKS = YES;
				GCC_OPTIMIZATION_LEVEL = 0;
				GCC_PREPROCESSOR_DEFINITIONS = (
					"DEBUG=1",
					"$(inherited)",
				);
				GCC_WARN_64_TO_32_BIT_CONVERSION = YES;
				GCC_WARN_ABOUT_RETURN_TYPE = YES_ERROR;
				GCC_WARN_UNDECLARED_SELECTOR = YES;
				GCC_WARN_UNINITIALIZED_AUTOS = YES_AGGRESSIVE;
				GCC_WARN_UNUSED_FUNCTION = YES;
				GCC_WARN_UNUSED_VARIABLE = YES;
				IPHONEOS_DEPLOYMENT_TARGET = 26.2;
				LOCALIZATION_PREFERS_STRING_CATALOGS = YES;
				MTL_ENABLE_DEBUG_INFO = INCLUDE_SOURCE;
				MTL_FAST_MATH = YES;
				ONLY_ACTIVE_ARCH = YES;
				SDKROOT = iphoneos;
				SWIFT_ACTIVE_COMPILATION_CONDITIONS = "DEBUG $(inherited)";
				SWIFT_OPTIMIZATION_LEVEL = "-Onone";
			};
			name = Debug;
		};
		738F13012F71C2220037B342 /* Release */ = {
			isa = XCBuildConfiguration;
			buildSettings = {
				ALWAYS_SEARCH_USER_PATHS = NO;
				ASSETCATALOG_COMPILER_GENERATE_SWIFT_ASSET_SYMBOL_EXTENSIONS = YES;
				CLANG_ANALYZER_NONNULL = YES;
				CLANG_ANALYZER_NUMBER_OBJECT_CONVERSION = YES_AGGRESSIVE;
				CLANG_CXX_LANGUAGE_STANDARD = "gnu++20";
				CLANG_ENABLE_MODULES = YES;
				CLANG_ENABLE_OBJC_ARC = YES;
				CLANG_ENABLE_OBJC_WEAK = YES;
				CLANG_WARN_BLOCK_CAPTURE_AUTORELEASING = YES;
				CLANG_WARN_BOOL_CONVERSION = YES;
				CLANG_WARN_COMMA = YES;
				CLANG_WARN_CONSTANT_CONVERSION = YES;
				CLANG_WARN_DEPRECATED_OBJC_IMPLEMENTATIONS = YES;
				CLANG_WARN_DIRECT_OBJC_ISA_USAGE = YES_ERROR;
				CLANG_WARN_DOCUMENTATION_COMMENTS = YES;
				CLANG_WARN_EMPTY_BODY = YES;
				CLANG_WARN_ENUM_CONVERSION = YES;
				CLANG_WARN_INFINITE_RECURSION = YES;
				CLANG_WARN_INT_CONVERSION = YES;
				CLANG_WARN_NON_LITERAL_NULL_CONVERSION = YES;
				CLANG_WARN_OBJC_IMPLICIT_RETAIN_SELF = YES;
				CLANG_WARN_OBJC_LITERAL_CONVERSION = YES;
				CLANG_WARN_OBJC_ROOT_CLASS = YES_ERROR;
				CLANG_WARN_QUOTED_INCLUDE_IN_FRAMEWORK_HEADER = YES;
				CLANG_WARN_RANGE_LOOP_ANALYSIS = YES;
				CLANG_WARN_STRICT_PROTOTYPES = YES;
				CLANG_WARN_SUSPICIOUS_MOVE = YES;
				CLANG_WARN_UNGUARDED_AVAILABILITY = YES_AGGRESSIVE;
				CLANG_WARN_UNREACHABLE_CODE = YES;
				CLANG_WARN__DUPLICATE_METHOD_MATCH = YES;
				COPY_PHASE_STRIP = NO;
				DEBUG_INFORMATION_FORMAT = "dwarf-with-dsym";
				DEVELOPMENT_TEAM = SDL7K9875S;
				ENABLE_NS_ASSERTIONS = NO;
				ENABLE_STRICT_OBJC_MSGSEND = YES;
				ENABLE_USER_SCRIPT_SANDBOXING = YES;
				GCC_C_LANGUAGE_STANDARD = gnu17;
				GCC_NO_COMMON_BLOCKS = YES;
				GCC_WARN_64_TO_32_BIT_CONVERSION = YES;
				GCC_WARN_ABOUT_RETURN_TYPE = YES_ERROR;
				GCC_WARN_UNDECLARED_SELECTOR = YES;
				GCC_WARN_UNINITIALIZED_AUTOS = YES_AGGRESSIVE;
				GCC_WARN_UNUSED_FUNCTION = YES;
				GCC_WARN_UNUSED_VARIABLE = YES;
				IPHONEOS_DEPLOYMENT_TARGET = 26.2;
				LOCALIZATION_PREFERS_STRING_CATALOGS = YES;
				MTL_ENABLE_DEBUG_INFO = NO;
				MTL_FAST_MATH = YES;
				SDKROOT = iphoneos;
				SWIFT_COMPILATION_MODE = wholemodule;
				VALIDATE_PRODUCT = YES;
			};
			name = Release;
		};
		738F13032F71C2220037B342 /* Debug */ = {
			isa = XCBuildConfiguration;
			buildSettings = {
				ASSETCATALOG_COMPILER_APPICON_NAME = AppIcon;
				ASSETCATALOG_COMPILER_GLOBAL_ACCENT_COLOR_NAME = AccentColor;
				CODE_SIGN_ENTITLEMENTS = Tonly/Tonly.entitlements;
				CODE_SIGN_STYLE = Automatic;
				CURRENT_PROJECT_VERSION = 1;
				DEVELOPMENT_TEAM = SDL7K9875S;
				ENABLE_PREVIEWS = YES;
				GENERATE_INFOPLIST_FILE = YES;
				INFOPLIST_FILE = Tonly/Info.plist;
				INFOPLIST_KEY_UIApplicationSceneManifest_Generation = YES;
				INFOPLIST_KEY_UIApplicationSupportsIndirectInputEvents = YES;
				INFOPLIST_KEY_UILaunchScreen_Generation = YES;
				INFOPLIST_KEY_UISupportedInterfaceOrientations = UIInterfaceOrientationPortrait;
				INFOPLIST_KEY_UISupportedInterfaceOrientations_iPad = "UIInterfaceOrientationLandscapeLeft UIInterfaceOrientationLandscapeRight UIInterfaceOrientationPortrait UIInterfaceOrientationPortraitUpsideDown";
				IPHONEOS_DEPLOYMENT_TARGET = 17.0;
				LD_RUNPATH_SEARCH_PATHS = (
					"$(inherited)",
					"@executable_path/Frameworks",
				);
				MARKETING_VERSION = 1.0;
				PRODUCT_BUNDLE_IDENTIFIER = one.tonly.app;
				PRODUCT_NAME = "$(TARGET_NAME)";
				STRING_CATALOG_GENERATE_SYMBOLS = YES;
				SWIFT_APPROACHABLE_CONCURRENCY = YES;
				SWIFT_DEFAULT_ACTOR_ISOLATION = MainActor;
				SWIFT_EMIT_LOC_STRINGS = YES;
				SWIFT_UPCOMING_FEATURE_MEMBER_IMPORT_VISIBILITY = YES;
				SWIFT_VERSION = 5.0;
				TARGETED_DEVICE_FAMILY = 1;
			};
			name = Debug;
		};
		738F13042F71C2220037B342 /* Release */ = {
			isa = XCBuildConfiguration;
			buildSettings = {
				ASSETCATALOG_COMPILER_APPICON_NAME = AppIcon;
				ASSETCATALOG_COMPILER_GLOBAL_ACCENT_COLOR_NAME = AccentColor;
				CODE_SIGN_ENTITLEMENTS = Tonly/Tonly.entitlements;
				CODE_SIGN_STYLE = Automatic;
				CURRENT_PROJECT_VERSION = 1;
				DEVELOPMENT_TEAM = SDL7K9875S;
				ENABLE_PREVIEWS = YES;
				GENERATE_INFOPLIST_FILE = YES;
				INFOPLIST_FILE = Tonly/Info.plist;
				INFOPLIST_KEY_UIApplicationSceneManifest_Generation = YES;
				INFOPLIST_KEY_UIApplicationSupportsIndirectInputEvents = YES;
				INFOPLIST_KEY_UILaunchScreen_Generation = YES;
				INFOPLIST_KEY_UISupportedInterfaceOrientations = UIInterfaceOrientationPortrait;
				INFOPLIST_KEY_UISupportedInterfaceOrientations_iPad = "UIInterfaceOrientationLandscapeLeft UIInterfaceOrientationLandscapeRight UIInterfaceOrientationPortrait UIInterfaceOrientationPortraitUpsideDown";
				IPHONEOS_DEPLOYMENT_TARGET = 17.0;
				LD_RUNPATH_SEARCH_PATHS = (
					"$(inherited)",
					"@executable_path/Frameworks",
				);
				MARKETING_VERSION = 1.0;
				PRODUCT_BUNDLE_IDENTIFIER = one.tonly.app;
				PRODUCT_NAME = "$(TARGET_NAME)";
				STRING_CATALOG_GENERATE_SYMBOLS = YES;
				SWIFT_APPROACHABLE_CONCURRENCY = YES;
				SWIFT_DEFAULT_ACTOR_ISOLATION = MainActor;
				SWIFT_EMIT_LOC_STRINGS = YES;
				SWIFT_UPCOMING_FEATURE_MEMBER_IMPORT_VISIBILITY = YES;
				SWIFT_VERSION = 5.0;
				TARGETED_DEVICE_FAMILY = 1;
			};
			name = Release;
		};
		738F13062F71C2220037B342 /* Debug */ = {
			isa = XCBuildConfiguration;
			buildSettings = {
				BUNDLE_LOADER = "$(TEST_HOST)";
				CODE_SIGN_STYLE = Automatic;
				CURRENT_PROJECT_VERSION = 1;
				DEVELOPMENT_TEAM = SDL7K9875S;
				GENERATE_INFOPLIST_FILE = YES;
				IPHONEOS_DEPLOYMENT_TARGET = 26.2;
				MARKETING_VERSION = 1.0;
				PRODUCT_BUNDLE_IDENTIFIER = one.tonly.TonlyTests;
				PRODUCT_NAME = "$(TARGET_NAME)";
				STRING_CATALOG_GENERATE_SYMBOLS = NO;
				SWIFT_APPROACHABLE_CONCURRENCY = YES;
				SWIFT_EMIT_LOC_STRINGS = NO;
				SWIFT_UPCOMING_FEATURE_MEMBER_IMPORT_VISIBILITY = YES;
				SWIFT_VERSION = 5.0;
				TARGETED_DEVICE_FAMILY = "1,2";
				TEST_HOST = "$(BUILT_PRODUCTS_DIR)/Tonly.app/$(BUNDLE_EXECUTABLE_FOLDER_PATH)/Tonly";
			};
			name = Debug;
		};
		738F13072F71C2220037B342 /* Release */ = {
			isa = XCBuildConfiguration;
			buildSettings = {
				BUNDLE_LOADER = "$(TEST_HOST)";
				CODE_SIGN_STYLE = Automatic;
				CURRENT_PROJECT_VERSION = 1;
				DEVELOPMENT_TEAM = SDL7K9875S;
				GENERATE_INFOPLIST_FILE = YES;
				IPHONEOS_DEPLOYMENT_TARGET = 26.2;
				MARKETING_VERSION = 1.0;
				PRODUCT_BUNDLE_IDENTIFIER = one.tonly.TonlyTests;
				PRODUCT_NAME = "$(TARGET_NAME)";
				STRING_CATALOG_GENERATE_SYMBOLS = NO;
				SWIFT_APPROACHABLE_CONCURRENCY = YES;
				SWIFT_EMIT_LOC_STRINGS = NO;
				SWIFT_UPCOMING_FEATURE_MEMBER_IMPORT_VISIBILITY = YES;
				SWIFT_VERSION = 5.0;
				TARGETED_DEVICE_FAMILY = "1,2";
				TEST_HOST = "$(BUILT_PRODUCTS_DIR)/Tonly.app/$(BUNDLE_EXECUTABLE_FOLDER_PATH)/Tonly";
			};
			name = Release;
		};
		738F13092F71C2220037B342 /* Debug */ = {
			isa = XCBuildConfiguration;
			buildSettings = {
				CODE_SIGN_STYLE = Automatic;
				CURRENT_PROJECT_VERSION = 1;
				DEVELOPMENT_TEAM = SDL7K9875S;
				GENERATE_INFOPLIST_FILE = YES;
				MARKETING_VERSION = 1.0;
				PRODUCT_BUNDLE_IDENTIFIER = one.tonly.TonlyUITests;
				PRODUCT_NAME = "$(TARGET_NAME)";
				STRING_CATALOG_GENERATE_SYMBOLS = NO;
				SWIFT_APPROACHABLE_CONCURRENCY = YES;
				SWIFT_EMIT_LOC_STRINGS = NO;
				SWIFT_UPCOMING_FEATURE_MEMBER_IMPORT_VISIBILITY = YES;
				SWIFT_VERSION = 5.0;
				TARGETED_DEVICE_FAMILY = "1,2";
				TEST_TARGET_NAME = Tonly;
			};
			name = Debug;
		};
		738F130A2F71C2220037B342 /* Release */ = {
			isa = XCBuildConfiguration;
			buildSettings = {
				CODE_SIGN_STYLE = Automatic;
				CURRENT_PROJECT_VERSION = 1;
				DEVELOPMENT_TEAM = SDL7K9875S;
				GENERATE_INFOPLIST_FILE = YES;
				MARKETING_VERSION = 1.0;
				PRODUCT_BUNDLE_IDENTIFIER = one.tonly.TonlyUITests;
				PRODUCT_NAME = "$(TARGET_NAME)";
				STRING_CATALOG_GENERATE_SYMBOLS = NO;
				SWIFT_APPROACHABLE_CONCURRENCY = YES;
				SWIFT_EMIT_LOC_STRINGS = NO;
				SWIFT_UPCOMING_FEATURE_MEMBER_IMPORT_VISIBILITY = YES;
				SWIFT_VERSION = 5.0;
				TARGETED_DEVICE_FAMILY = "1,2";
				TEST_TARGET_NAME = Tonly;
			};
			name = Release;
		};
/* End XCBuildConfiguration section */

/* Begin XCConfigurationList section */
		738F12DC2F71C2210037B342 /* Build configuration list for PBXProject "Tonly" */ = {
			isa = XCConfigurationList;
			buildConfigurations = (
				738F13002F71C2220037B342 /* Debug */,
				738F13012F71C2220037B342 /* Release */,
			);
			defaultConfigurationIsVisible = 0;
			defaultConfigurationName = Release;
		};
		738F13022F71C2220037B342 /* Build configuration list for PBXNativeTarget "Tonly" */ = {
			isa = XCConfigurationList;
			buildConfigurations = (
				738F13032F71C2220037B342 /* Debug */,
				738F13042F71C2220037B342 /* Release */,
			);
			defaultConfigurationIsVisible = 0;
			defaultConfigurationName = Release;
		};
		738F13052F71C2220037B342 /* Build configuration list for PBXNativeTarget "TonlyTests" */ = {
			isa = XCConfigurationList;
			buildConfigurations = (
				738F13062F71C2220037B342 /* Debug */,
				738F13072F71C2220037B342 /* Release */,
			);
			defaultConfigurationIsVisible = 0;
			defaultConfigurationName = Release;
		};
		738F13082F71C2220037B342 /* Build configuration list for PBXNativeTarget "TonlyUITests" */ = {
			isa = XCConfigurationList;
			buildConfigurations = (
				738F13092F71C2220037B342 /* Debug */,
				738F130A2F71C2220037B342 /* Release */,
			);
			defaultConfigurationIsVisible = 0;
			defaultConfigurationName = Release;
		};
/* End XCConfigurationList section */

/* Begin XCRemoteSwiftPackageReference section */
		73530CD72F71F237008D6CC5 /* XCRemoteSwiftPackageReference "ton-swift" */ = {
			isa = XCRemoteSwiftPackageReference;
			repositoryURL = "https://github.com/tonkeeper/ton-swift";
			requirement = {
				kind = upToNextMajorVersion;
				minimumVersion = 1.0.32;
			};
		};
/* End XCRemoteSwiftPackageReference section */

/* Begin XCSwiftPackageProductDependency section */
		73530D042F72B28B008D6CC5 /* TonSwift */ = {
			isa = XCSwiftPackageProductDependency;
			package = 73530CD72F71F237008D6CC5 /* XCRemoteSwiftPackageReference "ton-swift" */;
			productName = TonSwift;
		};
/* End XCSwiftPackageProductDependency section */
	};
	rootObject = 738F12D92F71C2210037B342 /* Project object */;
}
